{
  "name": "default",
  "version": "1.0.0",
  "lockfileVersion": 1,
  "requires": true,
  "dependencies": {
    "@types/screeps": {
      "version": "3.2.3",
      "resolved": "https://registry.npmjs.org/@types/screeps/-/screeps-3.2.3.tgz",
      "integrity": "sha512-XJwbYyvGGu+nuxxGzTFv9dDO4+4XK+w7fi6k2l+mIvN2bZ9m0jNJPt3qIB4Z1OUc+lZnM0YYjXkTwqZQCZtvZw=="
    }
  }
}
